
Microsoft Visual Studio Solution File, Format Version 12.00
# Visual Studio 15
VisualStudioVersion = 15.0.27130.2010
MinimumVisualStudioVersion = 10.0.40219.1
Project("{FAE04EC0-301F-11D3-BF4B-00C04F79EFBC}") = "BankModel.Web", "BankModel.Web\BankModel.Web.csproj", "{5592D00B-6CE5-4EF9-896B-325741A7B0B0}"
EndProject
Global
	GlobalSection(SolutionConfigurationPlatforms) = preSolution
		Debug|Any CPU = Debug|Any CPU
		Release|Any CPU = Release|Any CPU
	EndGlobalSection
	GlobalSection(ProjectConfigurationPlatforms) = postSolution
		{5592D00B-6CE5-4EF9-896B-325741A7B0B0}.Debug|Any CPU.ActiveCfg = Debug|Any CPU
		{5592D00B-6CE5-4EF9-896B-325741A7B0B0}.Debug|Any CPU.Build.0 = Debug|Any CPU
		{5592D00B-6CE5-4EF9-896B-325741A7B0B0}.Release|Any CPU.ActiveCfg = Release|Any CPU
		{5592D00B-6CE5-4EF9-896B-325741A7B0B0}.Release|Any CPU.Build.0 = Release|Any CPU
	EndGlobalSection
	GlobalSection(SolutionProperties) = preSolution
		HideSolutionNode = FALSE
	EndGlobalSection
	GlobalSection(ExtensibilityGlobals) = postSolution
		SolutionGuid = {E4C19173-D516-4956-A2FD-B0D8E007DAAF}
	EndGlobalSection
EndGlobal
